
Microsoft Visual Studio Solution File, Format Version 12.00
# Visual Studio Version 16
VisualStudioVersion = 16.0.30804.86
MinimumVisualStudioVersion = 10.0.40219.1
Project("{FAE04EC0-301F-11D3-BF4B-00C04F79EFBC}") = "src", "src\src.csproj", "{04043F7D-51E1-4DEA-B14D-A7811E616375}"
EndProject
Global
	GlobalSection(SolutionConfigurationPlatforms) = preSolution
		Debug|Any CPU = Debug|Any CPU
		Release|Any CPU = Release|Any CPU
	EndGlobalSection
	GlobalSection(ProjectConfigurationPlatforms) = postSolution
		{04043F7D-51E1-4DEA-B14D-A7811E616375}.Debug|Any CPU.ActiveCfg = Debug|Any CPU
		{04043F7D-51E1-4DEA-B14D-A7811E616375}.Debug|Any CPU.Build.0 = Debug|Any CPU
		{04043F7D-51E1-4DEA-B14D-A7811E616375}.Release|Any CPU.ActiveCfg = Release|Any CPU
		{04043F7D-51E1-4DEA-B14D-A7811E616375}.Release|Any CPU.Build.0 = Release|Any CPU
	EndGlobalSection
	GlobalSection(SolutionProperties) = preSolution
		HideSolutionNode = FALSE
	EndGlobalSection
	GlobalSection(ExtensibilityGlobals) = postSolution
		SolutionGuid = {BA21EF4D-C96C-4D3C-9A2B-7EA9D648EE9D}
	EndGlobalSection
EndGlobal
